
Microsoft Visual Studio Solution File, Format Version 12.00
# Visual Studio Version 16
VisualStudioVersion = 16.0.34301.259
MinimumVisualStudioVersion = 10.0.40219.1
Project("{FAE04EC0-301F-11D3-BF4B-00C04F79EFBC}") = "factorial assync", "factorial assync\factorial assync.csproj", "{737E37E3-07EF-4A3A-A83F-779D4C2C7965}"
EndProject
Global
	GlobalSection(SolutionConfigurationPlatforms) = preSolution
		Debug|Any CPU = Debug|Any CPU
		Release|Any CPU = Release|Any CPU
	EndGlobalSection
	GlobalSection(ProjectConfigurationPlatforms) = postSolution
		{737E37E3-07EF-4A3A-A83F-779D4C2C7965}.Debug|Any CPU.ActiveCfg = Debug|Any CPU
		{737E37E3-07EF-4A3A-A83F-779D4C2C7965}.Debug|Any CPU.Build.0 = Debug|Any CPU
		{737E37E3-07EF-4A3A-A83F-779D4C2C7965}.Release|Any CPU.ActiveCfg = Release|Any CPU
		{737E37E3-07EF-4A3A-A83F-779D4C2C7965}.Release|Any CPU.Build.0 = Release|Any CPU
	EndGlobalSection
	GlobalSection(SolutionProperties) = preSolution
		HideSolutionNode = FALSE
	EndGlobalSection
	GlobalSection(ExtensibilityGlobals) = postSolution
		SolutionGuid = {A81B1D55-8588-4744-9FC6-595E18FBF196}
	EndGlobalSection
EndGlobal
